
Microsoft Visual Studio Solution File, Format Version 12.00
# Visual Studio Version 16
VisualStudioVersion = 16.0.29409.12
MinimumVisualStudioVersion = 10.0.40219.1
Project("{FAE04EC0-301F-11D3-BF4B-00C04F79EFBC}") = "ConsoleApp1", "ConsoleApp1\ConsoleApp1.csproj", "{4EAAF1D4-907C-4350-A1A7-9F861D592383}"
EndProject
Global
	GlobalSection(SolutionConfigurationPlatforms) = preSolution
		Debug|Any CPU = Debug|Any CPU
		Release|Any CPU = Release|Any CPU
	EndGlobalSection
	GlobalSection(ProjectConfigurationPlatforms) = postSolution
		{4EAAF1D4-907C-4350-A1A7-9F861D592383}.Debug|Any CPU.ActiveCfg = Debug|Any CPU
		{4EAAF1D4-907C-4350-A1A7-9F861D592383}.Debug|Any CPU.Build.0 = Debug|Any CPU
		{4EAAF1D4-907C-4350-A1A7-9F861D592383}.Release|Any CPU.ActiveCfg = Release|Any CPU
		{4EAAF1D4-907C-4350-A1A7-9F861D592383}.Release|Any CPU.Build.0 = Release|Any CPU
	EndGlobalSection
	GlobalSection(SolutionProperties) = preSolution
		HideSolutionNode = FALSE
	EndGlobalSection
	GlobalSection(ExtensibilityGlobals) = postSolution
		SolutionGuid = {CF37866B-FD6C-4355-8EFB-CF07C8EA2A5A}
	EndGlobalSection
EndGlobal
