
Microsoft Visual Studio Solution File, Format Version 12.00
# Visual Studio Version 16
VisualStudioVersion = 16.0.29324.140
MinimumVisualStudioVersion = 10.0.40219.1
Project("{FAE04EC0-301F-11D3-BF4B-00C04F79EFBC}") = "getting numbers from user then find biggest arrays", "getting numbers from user then find biggest arrays\getting numbers from user then find biggest arrays.csproj", "{DEC4F1D4-FD25-4856-BCCE-93D20465791E}"
EndProject
Global
	GlobalSection(SolutionConfigurationPlatforms) = preSolution
		Debug|Any CPU = Debug|Any CPU
		Release|Any CPU = Release|Any CPU
	EndGlobalSection
	GlobalSection(ProjectConfigurationPlatforms) = postSolution
		{DEC4F1D4-FD25-4856-BCCE-93D20465791E}.Debug|Any CPU.ActiveCfg = Debug|Any CPU
		{DEC4F1D4-FD25-4856-BCCE-93D20465791E}.Debug|Any CPU.Build.0 = Debug|Any CPU
		{DEC4F1D4-FD25-4856-BCCE-93D20465791E}.Release|Any CPU.ActiveCfg = Release|Any CPU
		{DEC4F1D4-FD25-4856-BCCE-93D20465791E}.Release|Any CPU.Build.0 = Release|Any CPU
	EndGlobalSection
	GlobalSection(SolutionProperties) = preSolution
		HideSolutionNode = FALSE
	EndGlobalSection
	GlobalSection(ExtensibilityGlobals) = postSolution
		SolutionGuid = {F2F7BEC2-5E5D-46C7-ADE9-6C498535C222}
	EndGlobalSection
EndGlobal
