
Microsoft Visual Studio Solution File, Format Version 12.00
# Visual Studio Version 16
VisualStudioVersion = 16.0.29324.140
MinimumVisualStudioVersion = 10.0.40219.1
Project("{FAE04EC0-301F-11D3-BF4B-00C04F79EFBC}") = "Rectangle Double", "Rectangle Double\Rectangle Double.csproj", "{CA2BF8FA-9D16-4C0C-A543-5F42934D6EAE}"
EndProject
Global
	GlobalSection(SolutionConfigurationPlatforms) = preSolution
		Debug|Any CPU = Debug|Any CPU
		Release|Any CPU = Release|Any CPU
	EndGlobalSection
	GlobalSection(ProjectConfigurationPlatforms) = postSolution
		{CA2BF8FA-9D16-4C0C-A543-5F42934D6EAE}.Debug|Any CPU.ActiveCfg = Debug|Any CPU
		{CA2BF8FA-9D16-4C0C-A543-5F42934D6EAE}.Debug|Any CPU.Build.0 = Debug|Any CPU
		{CA2BF8FA-9D16-4C0C-A543-5F42934D6EAE}.Release|Any CPU.ActiveCfg = Release|Any CPU
		{CA2BF8FA-9D16-4C0C-A543-5F42934D6EAE}.Release|Any CPU.Build.0 = Release|Any CPU
	EndGlobalSection
	GlobalSection(SolutionProperties) = preSolution
		HideSolutionNode = FALSE
	EndGlobalSection
	GlobalSection(ExtensibilityGlobals) = postSolution
		SolutionGuid = {93D87ADA-E674-44CA-A402-C3A6D5753816}
	EndGlobalSection
EndGlobal
